
Microsoft Visual Studio Solution File, Format Version 12.00
# Visual Studio Version 17
VisualStudioVersion = 17.7.34221.43
MinimumVisualStudioVersion = 10.0.40219.1
Project("{FAE04EC0-301F-11D3-BF4B-00C04F79EFBC}") = "ePROJECT_3", "ePROJECT_3\ePROJECT_3.csproj", "{9E3D3CD4-6330-4F88-B2C3-16A0301EC07A}"
EndProject
Global
	GlobalSection(SolutionConfigurationPlatforms) = preSolution
		Debug|Any CPU = Debug|Any CPU
		Release|Any CPU = Release|Any CPU
	EndGlobalSection
	GlobalSection(ProjectConfigurationPlatforms) = postSolution
		{9E3D3CD4-6330-4F88-B2C3-16A0301EC07A}.Debug|Any CPU.ActiveCfg = Debug|Any CPU
		{9E3D3CD4-6330-4F88-B2C3-16A0301EC07A}.Debug|Any CPU.Build.0 = Debug|Any CPU
		{9E3D3CD4-6330-4F88-B2C3-16A0301EC07A}.Release|Any CPU.ActiveCfg = Release|Any CPU
		{9E3D3CD4-6330-4F88-B2C3-16A0301EC07A}.Release|Any CPU.Build.0 = Release|Any CPU
	EndGlobalSection
	GlobalSection(SolutionProperties) = preSolution
		HideSolutionNode = FALSE
	EndGlobalSection
	GlobalSection(ExtensibilityGlobals) = postSolution
		SolutionGuid = {C80B66A4-AC1F-4935-A2C7-701F54492837}
	EndGlobalSection
EndGlobal
